// !$*UTF8*$!
{
	archiveVersion = 1;
	classes = {
	};
	objectVersion = 50;
	objects = {

/* Begin PBXBuildFile section */
		03219D472406B5F70050588A /* InputManager.cpp in Sources */ = {isa = PBXBuildFile; fileRef = 03219D452406B5F70050588A /* InputManager.cpp */; };
		0322201B2380FF9D004B0BD1 /* GameWindow.cpp in Sources */ = {isa = PBXBuildFile; fileRef = 032220192380FF9D004B0BD1 /* GameWindow.cpp */; };
		032589BD245D19240047CF7D /* TextRenderComponent.cpp in Sources */ = {isa = PBXBuildFile; fileRef = 032589BA245D19240047CF7D /* TextRenderComponent.cpp */; };
		032589BE245D19240047CF7D /* TextComponent.cpp in Sources */ = {isa = PBXBuildFile; fileRef = 032589BB245D19240047CF7D /* TextComponent.cpp */; };
		032589C0245D1E310047CF7D /* libSDL2_ttf.a in Frameworks */ = {isa = PBXBuildFile; fileRef = 032589BF245D1E310047CF7D /* libSDL2_ttf.a */; };
		032589C3245D2A500047CF7D /* GameOverObject.cpp in Sources */ = {isa = PBXBuildFile; fileRef = 032589C2245D2A500047CF7D /* GameOverObject.cpp */; };
		0350F2B223A324FB0038A52E /* CollisionComponent.hpp in Sources */ = {isa = PBXBuildFile; fileRef = 0350F2B123A324FB0038A52E /* CollisionComponent.hpp */; };
		035DB9E0238B75D90025B2F7 /* GameObject.cpp in Sources */ = {isa = PBXBuildFile; fileRef = 035DB9DF238B75D90025B2F7 /* GameObject.cpp */; };
		0389AD802396F4CA005EEC22 /* libSDL2.a in Frameworks */ = {isa = PBXBuildFile; fileRef = 0389AD7F2396F4CA005EEC22 /* libSDL2.a */; };
		039363CD2431980E006160D1 /* SnakeInputComponent.cpp in Sources */ = {isa = PBXBuildFile; fileRef = 039363CB2431980E006160D1 /* SnakeInputComponent.cpp */; };
		039E6C17234E30B0004CCD78 /* main.cpp in Sources */ = {isa = PBXBuildFile; fileRef = 039E6C16234E30B0004CCD78 /* main.cpp */; };
		03A1675B24190C320014CA0D /* SnakeObject.cpp in Sources */ = {isa = PBXBuildFile; fileRef = 03A1675924190C320014CA0D /* SnakeObject.cpp */; };
		03A1675E241AA0B10014CA0D /* RenderSystem.cpp in Sources */ = {isa = PBXBuildFile; fileRef = 03A1675C241AA0B10014CA0D /* RenderSystem.cpp */; };
		03AC0514243A455500867CFF /* FoodObject.cpp in Sources */ = {isa = PBXBuildFile; fileRef = 03AC0512243A455500867CFF /* FoodObject.cpp */; };
		03CEDEBB2434E718005CE12B /* MovementSystem.cpp in Sources */ = {isa = PBXBuildFile; fileRef = 03CEDEB92434E718005CE12B /* MovementSystem.cpp */; };
		03D811A52415E32500DAFD88 /* SnakeBodyComponent.cpp in Sources */ = {isa = PBXBuildFile; fileRef = 03D811A32415E32500DAFD88 /* SnakeBodyComponent.cpp */; };
		03EFD234237D004B006EF2A5 /* GameWorld.cpp in Sources */ = {isa = PBXBuildFile; fileRef = 03EFD232237D004B006EF2A5 /* GameWorld.cpp */; };
/* End PBXBuildFile section */

/* Begin PBXCopyFilesBuildPhase section */
		039E6C11234E30B0004CCD78 /* CopyFiles */ = {
			isa = PBXCopyFilesBuildPhase;
			buildActionMask = 2147483647;
			dstPath = /usr/share/man/man1;
			dstSubfolderSpec = 0;
			files = (
			);
			runOnlyForDeploymentPostprocessing = 1;
		};
/* End PBXCopyFilesBuildPhase section */

/* Begin PBXFileReference section */
		0317C67F2352500C00D43455 /* Snake */ = {isa = PBXFileReference; explicitFileType = "compiled.mach-o.executable"; includeInIndex = 0; path = Snake; sourceTree = BUILT_PRODUCTS_DIR; };
		03219D452406B5F70050588A /* InputManager.cpp */ = {isa = PBXFileReference; lastKnownFileType = sourcecode.cpp.cpp; path = InputManager.cpp; sourceTree = "<group>"; };
		03219D462406B5F70050588A /* InputManager.hpp */ = {isa = PBXFileReference; lastKnownFileType = sourcecode.cpp.h; path = InputManager.hpp; sourceTree = "<group>"; };
		032220192380FF9D004B0BD1 /* GameWindow.cpp */ = {isa = PBXFileReference; lastKnownFileType = sourcecode.cpp.cpp; path = GameWindow.cpp; sourceTree = "<group>"; };
		0322201A2380FF9D004B0BD1 /* GameWindow.hpp */ = {isa = PBXFileReference; lastKnownFileType = sourcecode.cpp.h; path = GameWindow.hpp; sourceTree = "<group>"; };
		032589B9245D19240047CF7D /* TextRenderComponent.hpp */ = {isa = PBXFileReference; fileEncoding = 4; lastKnownFileType = sourcecode.cpp.h; path = TextRenderComponent.hpp; sourceTree = "<group>"; };
		032589BA245D19240047CF7D /* TextRenderComponent.cpp */ = {isa = PBXFileReference; fileEncoding = 4; lastKnownFileType = sourcecode.cpp.cpp; path = TextRenderComponent.cpp; sourceTree = "<group>"; };
		032589BB245D19240047CF7D /* TextComponent.cpp */ = {isa = PBXFileReference; fileEncoding = 4; lastKnownFileType = sourcecode.cpp.cpp; path = TextComponent.cpp; sourceTree = "<group>"; };
		032589BC245D19240047CF7D /* TextComponent.hpp */ = {isa = PBXFileReference; fileEncoding = 4; lastKnownFileType = sourcecode.cpp.h; path = TextComponent.hpp; sourceTree = "<group>"; };
		032589BF245D1E310047CF7D /* libSDL2_ttf.a */ = {isa = PBXFileReference; lastKnownFileType = archive.ar; name = libSDL2_ttf.a; path = ../../../../../../../../usr/local/Cellar/sdl2_ttf/2.0.15/lib/libSDL2_ttf.a; sourceTree = "<group>"; };
		032589C1245D2A500047CF7D /* GameOverObject.hpp */ = {isa = PBXFileReference; fileEncoding = 4; lastKnownFileType = sourcecode.cpp.h; path = GameOverObject.hpp; sourceTree = "<group>"; };
		032589C2245D2A500047CF7D /* GameOverObject.cpp */ = {isa = PBXFileReference; fileEncoding = 4; lastKnownFileType = sourcecode.cpp.cpp; path = GameOverObject.cpp; sourceTree = "<group>"; };
		0350F2B123A324FB0038A52E /* CollisionComponent.hpp */ = {isa = PBXFileReference; lastKnownFileType = sourcecode.cpp.h; path = CollisionComponent.hpp; sourceTree = "<group>"; };
		035DB9DD238B73EF0025B2F7 /* Component.hpp */ = {isa = PBXFileReference; lastKnownFileType = sourcecode.cpp.h; path = Component.hpp; sourceTree = "<group>"; };
		035DB9DF238B75D90025B2F7 /* GameObject.cpp */ = {isa = PBXFileReference; lastKnownFileType = sourcecode.cpp.cpp; path = GameObject.cpp; sourceTree = "<group>"; };
		035DB9E2238B76AA0025B2F7 /* TransformComponent.hpp */ = {isa = PBXFileReference; fileEncoding = 4; lastKnownFileType = sourcecode.cpp.h; path = TransformComponent.hpp; sourceTree = "<group>"; };
		037280BD234F9A0D008472B1 /* README.md */ = {isa = PBXFileReference; fileEncoding = 4; lastKnownFileType = net.daringfireball.markdown; path = README.md; sourceTree = "<group>"; };
		03784F77245D361800C16FD8 /* Fonts */ = {isa = PBXFileReference; lastKnownFileType = folder; path = Fonts; sourceTree = "<group>"; };
		03784F78245D361800C16FD8 /* Sounds */ = {isa = PBXFileReference; lastKnownFileType = folder; path = Sounds; sourceTree = "<group>"; };
		03830796243597E100F39FC0 /* LICENSE */ = {isa = PBXFileReference; fileEncoding = 4; lastKnownFileType = text; path = LICENSE; sourceTree = "<group>"; };
		03830797243597E100F39FC0 /* .gitignore */ = {isa = PBXFileReference; fileEncoding = 4; lastKnownFileType = text; path = .gitignore; sourceTree = "<group>"; };
		0389AD7F2396F4CA005EEC22 /* libSDL2.a */ = {isa = PBXFileReference; lastKnownFileType = archive.ar; name = libSDL2.a; path = ../../../../../../../../usr/local/Cellar/sdl2/2.0.10/lib/libSDL2.a; sourceTree = "<group>"; };
		039363CB2431980E006160D1 /* SnakeInputComponent.cpp */ = {isa = PBXFileReference; lastKnownFileType = sourcecode.cpp.cpp; path = SnakeInputComponent.cpp; sourceTree = "<group>"; };
		039363CC2431980E006160D1 /* SnakeInputComponent.hpp */ = {isa = PBXFileReference; lastKnownFileType = sourcecode.cpp.h; path = SnakeInputComponent.hpp; sourceTree = "<group>"; };
		03987B54239559A60004639E /* RenderComponent.hpp */ = {isa = PBXFileReference; fileEncoding = 4; lastKnownFileType = sourcecode.cpp.h; path = RenderComponent.hpp; sourceTree = "<group>"; };
		039E6C16234E30B0004CCD78 /* main.cpp */ = {isa = PBXFileReference; lastKnownFileType = sourcecode.cpp.cpp; path = main.cpp; sourceTree = "<group>"; };
		03A1675924190C320014CA0D /* SnakeObject.cpp */ = {isa = PBXFileReference; fileEncoding = 4; lastKnownFileType = sourcecode.cpp.cpp; path = SnakeObject.cpp; sourceTree = "<group>"; };
		03A1675A24190C320014CA0D /* SnakeObject.hpp */ = {isa = PBXFileReference; fileEncoding = 4; lastKnownFileType = sourcecode.cpp.h; path = SnakeObject.hpp; sourceTree = "<group>"; };
		03A1675C241AA0B10014CA0D /* RenderSystem.cpp */ = {isa = PBXFileReference; fileEncoding = 4; lastKnownFileType = sourcecode.cpp.cpp; path = RenderSystem.cpp; sourceTree = "<group>"; };
		03A1675D241AA0B10014CA0D /* RenderSystem.hpp */ = {isa = PBXFileReference; fileEncoding = 4; lastKnownFileType = sourcecode.cpp.h; path = RenderSystem.hpp; sourceTree = "<group>"; };
		03AC0512243A455500867CFF /* FoodObject.cpp */ = {isa = PBXFileReference; lastKnownFileType = sourcecode.cpp.cpp; path = FoodObject.cpp; sourceTree = "<group>"; };
		03AC0513243A455500867CFF /* FoodObject.hpp */ = {isa = PBXFileReference; lastKnownFileType = sourcecode.cpp.h; path = FoodObject.hpp; sourceTree = "<group>"; };
		03CEDEB92434E718005CE12B /* MovementSystem.cpp */ = {isa = PBXFileReference; fileEncoding = 4; lastKnownFileType = sourcecode.cpp.cpp; path = MovementSystem.cpp; sourceTree = "<group>"; };
		03CEDEBA2434E718005CE12B /* MovementSystem.hpp */ = {isa = PBXFileReference; fileEncoding = 4; lastKnownFileType = sourcecode.cpp.h; path = MovementSystem.hpp; sourceTree = "<group>"; };
		03D47C5E2381B00A0004A67B /* InputComponent.hpp */ = {isa = PBXFileReference; lastKnownFileType = sourcecode.cpp.h; path = InputComponent.hpp; sourceTree = "<group>"; };
		03D811A32415E32500DAFD88 /* SnakeBodyComponent.cpp */ = {isa = PBXFileReference; lastKnownFileType = sourcecode.cpp.cpp; path = SnakeBodyComponent.cpp; sourceTree = "<group>"; };
		03D811A42415E32500DAFD88 /* SnakeBodyComponent.hpp */ = {isa = PBXFileReference; lastKnownFileType = sourcecode.cpp.h; path = SnakeBodyComponent.hpp; sourceTree = "<group>"; };
		03EFD232237D004B006EF2A5 /* GameWorld.cpp */ = {isa = PBXFileReference; lastKnownFileType = sourcecode.cpp.cpp; path = GameWorld.cpp; sourceTree = "<group>"; };
		03EFD233237D004B006EF2A5 /* GameWorld.hpp */ = {isa = PBXFileReference; lastKnownFileType = sourcecode.cpp.h; path = GameWorld.hpp; sourceTree = "<group>"; };
		03EFD237237E48D9006EF2A5 /* GameObject.hpp */ = {isa = PBXFileReference; lastKnownFileType = sourcecode.cpp.h; path = GameObject.hpp; sourceTree = "<group>"; };
		03FA29912467826000EEDC45 /* README.gif */ = {isa = PBXFileReference; lastKnownFileType = image.gif; path = README.gif; sourceTree = "<group>"; };
/* End PBXFileReference section */

/* Begin PBXFrameworksBuildPhase section */
		039E6C10234E30B0004CCD78 /* Frameworks */ = {
			isa = PBXFrameworksBuildPhase;
			buildActionMask = 2147483647;
			files = (
				032589C0245D1E310047CF7D /* libSDL2_ttf.a in Frameworks */,
				0389AD802396F4CA005EEC22 /* libSDL2.a in Frameworks */,
			);
			runOnlyForDeploymentPostprocessing = 0;
		};
/* End PBXFrameworksBuildPhase section */

/* Begin PBXGroup section */
		03219D442406B07A0050588A /* Managers */ = {
			isa = PBXGroup;
			children = (
				03219D452406B5F70050588A /* InputManager.cpp */,
				03219D462406B5F70050588A /* InputManager.hpp */,
			);
			path = Managers;
			sourceTree = "<group>";
		};
		032220182380FE60004B0BD1 /* Game */ = {
			isa = PBXGroup;
			children = (
				03EFD23C237E49CA006EF2A5 /* Components */,
				03EFD235237E48BA006EF2A5 /* GameObjects */,
				032220192380FF9D004B0BD1 /* GameWindow.cpp */,
				0322201A2380FF9D004B0BD1 /* GameWindow.hpp */,
				03EFD232237D004B006EF2A5 /* GameWorld.cpp */,
				03EFD233237D004B006EF2A5 /* GameWorld.hpp */,
				039E6C16234E30B0004CCD78 /* main.cpp */,
				03219D442406B07A0050588A /* Managers */,
				03EBAAAD23918F4900F8BDE5 /* Systems */,
			);
			path = Game;
			sourceTree = "<group>";
		};
		03784F76245D35DF00C16FD8 /* Resources */ = {
			isa = PBXGroup;
			children = (
				03784F77245D361800C16FD8 /* Fonts */,
				03784F78245D361800C16FD8 /* Sounds */,
			);
			path = Resources;
			sourceTree = "<group>";
		};
		0389AD7E2396F4CA005EEC22 /* Frameworks */ = {
			isa = PBXGroup;
			children = (
				032589BF245D1E310047CF7D /* libSDL2_ttf.a */,
				0389AD7F2396F4CA005EEC22 /* libSDL2.a */,
			);
			name = Frameworks;
			sourceTree = "<group>";
		};
		039E6C0A234E30B0004CCD78 = {
			isa = PBXGroup;
			children = (
				03FA29912467826000EEDC45 /* README.gif */,
				03830797243597E100F39FC0 /* .gitignore */,
				03830796243597E100F39FC0 /* LICENSE */,
				0317C67F2352500C00D43455 /* Snake */,
				037280BD234F9A0D008472B1 /* README.md */,
				0389AD7E2396F4CA005EEC22 /* Frameworks */,
				03784F76245D35DF00C16FD8 /* Resources */,
				039E6C15234E30B0004CCD78 /* Snake */,
			);
			sourceTree = "<group>";
		};
		039E6C15234E30B0004CCD78 /* Snake */ = {
			isa = PBXGroup;
			children = (
				032220182380FE60004B0BD1 /* Game */,
			);
			path = Snake;
			sourceTree = "<group>";
		};
		03EBAAAD23918F4900F8BDE5 /* Systems */ = {
			isa = PBXGroup;
			children = (
				03CEDEB92434E718005CE12B /* MovementSystem.cpp */,
				03CEDEBA2434E718005CE12B /* MovementSystem.hpp */,
				03A1675C241AA0B10014CA0D /* RenderSystem.cpp */,
				03A1675D241AA0B10014CA0D /* RenderSystem.hpp */,
			);
			path = Systems;
			sourceTree = "<group>";
		};
		03EFD235237E48BA006EF2A5 /* GameObjects */ = {
			isa = PBXGroup;
			children = (
				032589C2245D2A500047CF7D /* GameOverObject.cpp */,
				032589C1245D2A500047CF7D /* GameOverObject.hpp */,
				035DB9DF238B75D90025B2F7 /* GameObject.cpp */,
				03EFD237237E48D9006EF2A5 /* GameObject.hpp */,
				03A1675924190C320014CA0D /* SnakeObject.cpp */,
				03A1675A24190C320014CA0D /* SnakeObject.hpp */,
				03AC0512243A455500867CFF /* FoodObject.cpp */,
				03AC0513243A455500867CFF /* FoodObject.hpp */,
			);
			path = GameObjects;
			sourceTree = "<group>";
		};
		03EFD23C237E49CA006EF2A5 /* Components */ = {
			isa = PBXGroup;
			children = (
				032589BB245D19240047CF7D /* TextComponent.cpp */,
				032589BC245D19240047CF7D /* TextComponent.hpp */,
				032589BA245D19240047CF7D /* TextRenderComponent.cpp */,
				032589B9245D19240047CF7D /* TextRenderComponent.hpp */,
				0350F2B123A324FB0038A52E /* CollisionComponent.hpp */,
				035DB9DD238B73EF0025B2F7 /* Component.hpp */,
				03D47C5E2381B00A0004A67B /* InputComponent.hpp */,
				03987B54239559A60004639E /* RenderComponent.hpp */,
				03D811A32415E32500DAFD88 /* SnakeBodyComponent.cpp */,
				03D811A42415E32500DAFD88 /* SnakeBodyComponent.hpp */,
				035DB9E2238B76AA0025B2F7 /* TransformComponent.hpp */,
				039363CB2431980E006160D1 /* SnakeInputComponent.cpp */,
				039363CC2431980E006160D1 /* SnakeInputComponent.hpp */,
			);
			path = Components;
			sourceTree = "<group>";
		};
/* End PBXGroup section */

/* Begin PBXNativeTarget section */
		039E6C12234E30B0004CCD78 /* Snake */ = {
			isa = PBXNativeTarget;
			buildConfigurationList = 039E6C1A234E30B0004CCD78 /* Build configuration list for PBXNativeTarget "Snake" */;
			buildPhases = (
				039E6C0F234E30B0004CCD78 /* Sources */,
				039E6C10234E30B0004CCD78 /* Frameworks */,
				039E6C11234E30B0004CCD78 /* CopyFiles */,
				03C581D1239DC4190005BFBC /* Run Script */,
			);
			buildRules = (
			);
			dependencies = (
			);
			name = Snake;
			productName = Pong;
			productReference = 0317C67F2352500C00D43455 /* Snake */;
			productType = "com.apple.product-type.tool";
		};
/* End PBXNativeTarget section */

/* Begin PBXProject section */
		039E6C0B234E30B0004CCD78 /* Project object */ = {
			isa = PBXProject;
			attributes = {
				LastUpgradeCheck = 1130;
				ORGANIZATIONNAME = "Daniel Ricci";
				TargetAttributes = {
					039E6C12234E30B0004CCD78 = {
						CreatedOnToolsVersion = 11.1;
					};
				};
			};
			buildConfigurationList = 039E6C0E234E30B0004CCD78 /* Build configuration list for PBXProject "Snake" */;
			compatibilityVersion = "Xcode 9.3";
			developmentRegion = en;
			hasScannedForEncodings = 0;
			knownRegions = (
				en,
				Base,
			);
			mainGroup = 039E6C0A234E30B0004CCD78;
			productRefGroup = 039E6C0A234E30B0004CCD78;
			projectDirPath = "";
			projectRoot = "";
			targets = (
				039E6C12234E30B0004CCD78 /* Snake */,
			);
		};
/* End PBXProject section */

/* Begin PBXShellScriptBuildPhase section */
		03C581D1239DC4190005BFBC /* Run Script */ = {
			isa = PBXShellScriptBuildPhase;
			buildActionMask = 2147483647;
			files = (
			);
			inputFileListPaths = (
			);
			inputPaths = (
			);
			name = "Run Script";
			outputFileListPaths = (
			);
			outputPaths = (
			);
			runOnlyForDeploymentPostprocessing = 0;
			shellPath = /bin/sh;
			shellScript = "# Type a script or drag a script file from your workspace to insert its path.\n\nTAGS=\"TODO:|FIXME:\"\nfind \"${SRCROOT}\" \\( -name \"*.h*\" -or -name \"*.c*\" \\) -print0 | xargs -0 egrep --with-filename --line-number --only-matching \"($TAGS).*\\$\" | perl -p -e \"s/($TAGS)/ warning: \\$1/\"\n";
		};
/* End PBXShellScriptBuildPhase section */

/* Begin PBXSourcesBuildPhase section */
		039E6C0F234E30B0004CCD78 /* Sources */ = {
			isa = PBXSourcesBuildPhase;
			buildActionMask = 2147483647;
			files = (
				03CEDEBB2434E718005CE12B /* MovementSystem.cpp in Sources */,
				032589BD245D19240047CF7D /* TextRenderComponent.cpp in Sources */,
				03A1675E241AA0B10014CA0D /* RenderSystem.cpp in Sources */,
				03A1675B24190C320014CA0D /* SnakeObject.cpp in Sources */,
				03AC0514243A455500867CFF /* FoodObject.cpp in Sources */,
				0350F2B223A324FB0038A52E /* CollisionComponent.hpp in Sources */,
				032589C3245D2A500047CF7D /* GameOverObject.cpp in Sources */,
				032589BE245D19240047CF7D /* TextComponent.cpp in Sources */,
				03219D472406B5F70050588A /* InputManager.cpp in Sources */,
				035DB9E0238B75D90025B2F7 /* GameObject.cpp in Sources */,
				039363CD2431980E006160D1 /* SnakeInputComponent.cpp in Sources */,
				03D811A52415E32500DAFD88 /* SnakeBodyComponent.cpp in Sources */,
				03EFD234237D004B006EF2A5 /* GameWorld.cpp in Sources */,
				0322201B2380FF9D004B0BD1 /* GameWindow.cpp in Sources */,
				039E6C17234E30B0004CCD78 /* main.cpp in Sources */,
			);
			runOnlyForDeploymentPostprocessing = 0;
		};
/* End PBXSourcesBuildPhase section */

/* Begin XCBuildConfiguration section */
		039E6C18234E30B0004CCD78 /* Debug */ = {
			isa = XCBuildConfiguration;
			buildSettings = {
				ALWAYS_SEARCH_USER_PATHS = NO;
				CLANG_ANALYZER_NONNULL = YES;
				CLANG_ANALYZER_NUMBER_OBJECT_CONVERSION = YES_AGGRESSIVE;
				CLANG_CXX_LANGUAGE_STANDARD = "gnu++14";
				CLANG_CXX_LIBRARY = "libc++";
				CLANG_ENABLE_MODULES = YES;
				CLANG_ENABLE_OBJC_ARC = YES;
				CLANG_ENABLE_OBJC_WEAK = YES;
				CLANG_WARN_BLOCK_CAPTURE_AUTORELEASING = YES;
				CLANG_WARN_BOOL_CONVERSION = YES;
				CLANG_WARN_COMMA = YES;
				CLANG_WARN_CONSTANT_CONVERSION = YES;
				CLANG_WARN_DEPRECATED_OBJC_IMPLEMENTATIONS = YES;
				CLANG_WARN_DIRECT_OBJC_ISA_USAGE = YES_ERROR;
				CLANG_WARN_DOCUMENTATION_COMMENTS = YES;
				CLANG_WARN_EMPTY_BODY = YES;
				CLANG_WARN_ENUM_CONVERSION = YES;
				CLANG_WARN_INFINITE_RECURSION = YES;
				CLANG_WARN_INT_CONVERSION = YES;
				CLANG_WARN_NON_LITERAL_NULL_CONVERSION = YES;
				CLANG_WARN_OBJC_IMPLICIT_RETAIN_SELF = YES;
				CLANG_WARN_OBJC_LITERAL_CONVERSION = YES;
				CLANG_WARN_OBJC_ROOT_CLASS = YES_ERROR;
				CLANG_WARN_RANGE_LOOP_ANALYSIS = YES;
				CLANG_WARN_STRICT_PROTOTYPES = YES;
				CLANG_WARN_SUSPICIOUS_MOVE = YES;
				CLANG_WARN_UNGUARDED_AVAILABILITY = YES_AGGRESSIVE;
				CLANG_WARN_UNREACHABLE_CODE = YES;
				CLANG_WARN__DUPLICATE_METHOD_MATCH = YES;
				COPY_PHASE_STRIP = NO;
				DEBUG_INFORMATION_FORMAT = dwarf;
				ENABLE_STRICT_OBJC_MSGSEND = YES;
				ENABLE_TESTABILITY = YES;
				GCC_C_LANGUAGE_STANDARD = gnu11;
				GCC_DYNAMIC_NO_PIC = NO;
				GCC_NO_COMMON_BLOCKS = YES;
				GCC_OPTIMIZATION_LEVEL = 0;
				GCC_PREPROCESSOR_DEFINITIONS = (
					"DEBUG=1",
					"$(inherited)",
				);
				GCC_WARN_64_TO_32_BIT_CONVERSION = YES;
				GCC_WARN_ABOUT_RETURN_TYPE = YES_ERROR;
				GCC_WARN_UNDECLARED_SELECTOR = YES;
				GCC_WARN_UNINITIALIZED_AUTOS = YES_AGGRESSIVE;
				GCC_WARN_UNUSED_FUNCTION = YES;
				GCC_WARN_UNUSED_VARIABLE = YES;
				MACOSX_DEPLOYMENT_TARGET = 10.14;
				MTL_ENABLE_DEBUG_INFO = INCLUDE_SOURCE;
				MTL_FAST_MATH = YES;
				ONLY_ACTIVE_ARCH = YES;
				SDKROOT = macosx;
			};
			name = Debug;
		};
		039E6C19234E30B0004CCD78 /* Release */ = {
			isa = XCBuildConfiguration;
			buildSettings = {
				ALWAYS_SEARCH_USER_PATHS = NO;
				CLANG_ANALYZER_NONNULL = YES;
				CLANG_ANALYZER_NUMBER_OBJECT_CONVERSION = YES_AGGRESSIVE;
				CLANG_CXX_LANGUAGE_STANDARD = "gnu++14";
				CLANG_CXX_LIBRARY = "libc++";
				CLANG_ENABLE_MODULES = YES;
				CLANG_ENABLE_OBJC_ARC = YES;
				CLANG_ENABLE_OBJC_WEAK = YES;
				CLANG_WARN_BLOCK_CAPTURE_AUTORELEASING = YES;
				CLANG_WARN_BOOL_CONVERSION = YES;
				CLANG_WARN_COMMA = YES;
				CLANG_WARN_CONSTANT_CONVERSION = YES;
				CLANG_WARN_DEPRECATED_OBJC_IMPLEMENTATIONS = YES;
				CLANG_WARN_DIRECT_OBJC_ISA_USAGE = YES_ERROR;
				CLANG_WARN_DOCUMENTATION_COMMENTS = YES;
				CLANG_WARN_EMPTY_BODY = YES;
				CLANG_WARN_ENUM_CONVERSION = YES;
				CLANG_WARN_INFINITE_RECURSION = YES;
				CLANG_WARN_INT_CONVERSION = YES;
				CLANG_WARN_NON_LITERAL_NULL_CONVERSION = YES;
				CLANG_WARN_OBJC_IMPLICIT_RETAIN_SELF = YES;
				CLANG_WARN_OBJC_LITERAL_CONVERSION = YES;
				CLANG_WARN_OBJC_ROOT_CLASS = YES_ERROR;
				CLANG_WARN_RANGE_LOOP_ANALYSIS = YES;
				CLANG_WARN_STRICT_PROTOTYPES = YES;
				CLANG_WARN_SUSPICIOUS_MOVE = YES;
				CLANG_WARN_UNGUARDED_AVAILABILITY = YES_AGGRESSIVE;
				CLANG_WARN_UNREACHABLE_CODE = YES;
				CLANG_WARN__DUPLICATE_METHOD_MATCH = YES;
				COPY_PHASE_STRIP = NO;
				DEBUG_INFORMATION_FORMAT = "dwarf-with-dsym";
				ENABLE_NS_ASSERTIONS = NO;
				ENABLE_STRICT_OBJC_MSGSEND = YES;
				GCC_C_LANGUAGE_STANDARD = gnu11;
				GCC_NO_COMMON_BLOCKS = YES;
				GCC_WARN_64_TO_32_BIT_CONVERSION = YES;
				GCC_WARN_ABOUT_RETURN_TYPE = YES_ERROR;
				GCC_WARN_UNDECLARED_SELECTOR = YES;
				GCC_WARN_UNINITIALIZED_AUTOS = YES_AGGRESSIVE;
				GCC_WARN_UNUSED_FUNCTION = YES;
				GCC_WARN_UNUSED_VARIABLE = YES;
				MACOSX_DEPLOYMENT_TARGET = 10.14;
				MTL_ENABLE_DEBUG_INFO = NO;
				MTL_FAST_MATH = YES;
				SDKROOT = macosx;
			};
			name = Release;
		};
		039E6C1B234E30B0004CCD78 /* Debug */ = {
			isa = XCBuildConfiguration;
			buildSettings = {
				CLANG_CXX_LANGUAGE_STANDARD = "c++17";
				CLANG_WARN_DOCUMENTATION_COMMENTS = NO;
				CODE_SIGN_IDENTITY = "-";
				CODE_SIGN_STYLE = Automatic;
				DEVELOPMENT_TEAM = 99XD8PYX9Y;
				ENABLE_HARDENED_RUNTIME = NO;
				FRAMEWORK_SEARCH_PATHS = "$(PROJECT_DIR)/$(PROJECT_NAME)";
				GCC_C_LANGUAGE_STANDARD = c11;
				GCC_WARN_ABOUT_DEPRECATED_FUNCTIONS = NO;
				HEADER_SEARCH_PATHS = (
					"/usr/local/include/eigen3/**",
					"/usr/local/include/SDL2/**",
				);
				LIBRARY_SEARCH_PATHS = (
					"/usr/local/lib/**",
					/usr/local/Cellar/sdl2/2.0.12_1/lib,
					/usr/local/Cellar/sdl2_ttf/2.0.15/lib,
					/usr/local/Cellar/sdl2_mixer/2.0.4/lib,
				);
				PRODUCT_NAME = "$(TARGET_NAME)";
				PROVISIONING_PROFILE_SPECIFIER = "";
				USER_HEADER_SEARCH_PATHS = "$(PROJECT_DIR)/Snake/**";
				USE_HEADERMAP = NO;
			};
			name = Debug;
		};
		039E6C1C234E30B0004CCD78 /* Release */ = {
			isa = XCBuildConfiguration;
			buildSettings = {
				CLANG_CXX_LANGUAGE_STANDARD = "c++17";
				CLANG_WARN_DOCUMENTATION_COMMENTS = NO;
				CODE_SIGN_IDENTITY = "-";
				CODE_SIGN_STYLE = Automatic;
				DEVELOPMENT_TEAM = 99XD8PYX9Y;
				ENABLE_HARDENED_RUNTIME = NO;
				FRAMEWORK_SEARCH_PATHS = "$(PROJECT_DIR)/$(PROJECT_NAME)";
				GCC_C_LANGUAGE_STANDARD = c11;
				GCC_WARN_ABOUT_DEPRECATED_FUNCTIONS = NO;
				HEADER_SEARCH_PATHS = (
					"/usr/local/include/eigen3/**",
					"/usr/local/include/SDL2/**",
				);
				LIBRARY_SEARCH_PATHS = (
					"/usr/local/lib/**",
					/usr/local/Cellar/sdl2/2.0.12_1/lib,
					/usr/local/Cellar/sdl2_ttf/2.0.15/lib,
					/usr/local/Cellar/sdl2_mixer/2.0.4/lib,
				);
				PRODUCT_NAME = "$(TARGET_NAME)";
				PROVISIONING_PROFILE_SPECIFIER = "";
				USER_HEADER_SEARCH_PATHS = "$(PROJECT_DIR)/Snake/**";
				USE_HEADERMAP = NO;
			};
			name = Release;
		};
/* End XCBuildConfiguration section */

/* Begin XCConfigurationList section */
		039E6C0E234E30B0004CCD78 /* Build configuration list for PBXProject "Snake" */ = {
			isa = XCConfigurationList;
			buildConfigurations = (
				039E6C18234E30B0004CCD78 /* Debug */,
				039E6C19234E30B0004CCD78 /* Release */,
			);
			defaultConfigurationIsVisible = 0;
			defaultConfigurationName = Release;
		};
		039E6C1A234E30B0004CCD78 /* Build configuration list for PBXNativeTarget "Snake" */ = {
			isa = XCConfigurationList;
			buildConfigurations = (
				039E6C1B234E30B0004CCD78 /* Debug */,
				039E6C1C234E30B0004CCD78 /* Release */,
			);
			defaultConfigurationIsVisible = 0;
			defaultConfigurationName = Release;
		};
/* End XCConfigurationList section */
	};
	rootObject = 039E6C0B234E30B0004CCD78 /* Project object */;
}
