// !$*UTF8*$!
{
	archiveVersion = 1;
	classes = {
	};
	objectVersion = 50;
	objects = {

/* Begin PBXBuildFile section */
		030B2D9A25256735003F89B5 /* thrust.wav in CopyFiles */ = {isa = PBXBuildFile; fileRef = 030B2D982525671F003F89B5 /* thrust.wav */; };
		031956AD2572BE2D00FFF34E /* Component.cpp in Sources */ = {isa = PBXBuildFile; fileRef = 031956AC2572BE2D00FFF34E /* Component.cpp */; };
		03219D472406B5F70050588A /* InputManager.cpp in Sources */ = {isa = PBXBuildFile; fileRef = 03219D452406B5F70050588A /* InputManager.cpp */; };
		0325031A2599A363008BF227 /* EventArgs.hpp in Sources */ = {isa = PBXBuildFile; fileRef = 032503192599A362008BF227 /* EventArgs.hpp */; };
		03250330259DA92A008BF227 /* SaucerEntity.cpp in Sources */ = {isa = PBXBuildFile; fileRef = 0325032E259DA92A008BF227 /* SaucerEntity.cpp */; };
		032589BE245D19240047CF7D /* TextComponent.cpp in Sources */ = {isa = PBXBuildFile; fileRef = 032589BB245D19240047CF7D /* TextComponent.cpp */; };
		032589C0245D1E310047CF7D /* libSDL2_ttf.a in Frameworks */ = {isa = PBXBuildFile; fileRef = 032589BF245D1E310047CF7D /* libSDL2_ttf.a */; };
		03261717251ED10500ABA175 /* Verdana.ttf in CopyFiles */ = {isa = PBXBuildFile; fileRef = 0326170E251ECD3D00ABA175 /* Verdana.ttf */; };
		03261720251ED61B00ABA175 /* SoundManager.cpp in Sources */ = {isa = PBXBuildFile; fileRef = 0326171E251ED61B00ABA175 /* SoundManager.cpp */; };
		03261723251EDAED00ABA175 /* libSDL2.a in Frameworks */ = {isa = PBXBuildFile; fileRef = 03261722251EDAED00ABA175 /* libSDL2.a */; };
		032BB7C1257BD5B800846004 /* GameEntity.cpp in Sources */ = {isa = PBXBuildFile; fileRef = 032BB7BF257BD5B800846004 /* GameEntity.cpp */; };
		033CD2D424EB72EB00EBA382 /* PlayerInputComponent.cpp in Sources */ = {isa = PBXBuildFile; fileRef = 033CD2D224EB72EB00EBA382 /* PlayerInputComponent.cpp */; };
		034F4C3024DA54A300975181 /* Manager.cpp in Sources */ = {isa = PBXBuildFile; fileRef = 034F4C2F24DA54A300975181 /* Manager.cpp */; };
		0350F2B223A324FB0038A52E /* PhysicsComponent.hpp in Sources */ = {isa = PBXBuildFile; fileRef = 0350F2B123A324FB0038A52E /* PhysicsComponent.hpp */; };
		0354B9F724D2602A0027E766 /* GameManager.cpp in Sources */ = {isa = PBXBuildFile; fileRef = 0354B9F524D2602A0027E766 /* GameManager.cpp */; };
		03571956255B1873004D09BB /* AsteroidEntity.cpp in Sources */ = {isa = PBXBuildFile; fileRef = 03571954255B1873004D09BB /* AsteroidEntity.cpp */; };
		035804F825E0D0D700EC9AF6 /* LivesEntity.cpp in Sources */ = {isa = PBXBuildFile; fileRef = 035804F625E0D0D700EC9AF6 /* LivesEntity.cpp */; };
		035DB9E0238B75D90025B2F7 /* Entity.cpp in Sources */ = {isa = PBXBuildFile; fileRef = 035DB9DF238B75D90025B2F7 /* Entity.cpp */; };
		0364021D246A3B11008684B8 /* SoundComponent.cpp in Sources */ = {isa = PBXBuildFile; fileRef = 0364021B246A3B11008684B8 /* SoundComponent.cpp */; };
		0364021F246A3C13008684B8 /* libSDL2_mixer.a in Frameworks */ = {isa = PBXBuildFile; fileRef = 0364021E246A3BE7008684B8 /* libSDL2_mixer.a */; };
		037FBA1624E3182600F984F1 /* ShapeComponent.cpp in Sources */ = {isa = PBXBuildFile; fileRef = 037FBA1424E3182600F984F1 /* ShapeComponent.cpp */; };
		0387FD8B24A78D220019BE47 /* MenuEntity.cpp in Sources */ = {isa = PBXBuildFile; fileRef = 0387FD8924A78D220019BE47 /* MenuEntity.cpp */; };
		0387FD9124A94C530019BE47 /* UIManager.cpp in Sources */ = {isa = PBXBuildFile; fileRef = 0387FD8F24A94C530019BE47 /* UIManager.cpp */; };
		0395405B24A9B98D00DE8FC3 /* ManagerHelper.cpp in Sources */ = {isa = PBXBuildFile; fileRef = 0395405924A9B98D00DE8FC3 /* ManagerHelper.cpp */; };
		039E6C17234E30B0004CCD78 /* main.cpp in Sources */ = {isa = PBXBuildFile; fileRef = 039E6C16234E30B0004CCD78 /* main.cpp */; };
		03B6C8A224C8CD6C0067D03C /* MenuControlEntity.cpp in Sources */ = {isa = PBXBuildFile; fileRef = 03B6C8A124C8CD6C0067D03C /* MenuControlEntity.cpp */; };
		03B6F365256DA68000A80AF1 /* WindowManager.cpp in Sources */ = {isa = PBXBuildFile; fileRef = 03B6F363256DA68000A80AF1 /* WindowManager.cpp */; };
		03D597B624C5FA3A001CE9CC /* TextMenuControlEntity.cpp in Sources */ = {isa = PBXBuildFile; fileRef = 03D597B424C5FA3A001CE9CC /* TextMenuControlEntity.cpp */; };
		03E25BB325CE642900B20839 /* ScoreEntity.cpp in Sources */ = {isa = PBXBuildFile; fileRef = 03E25BB125CE642900B20839 /* ScoreEntity.cpp */; };
		03E25BB625CE6C4F00B20839 /* Hyperspace.ttf in CopyFiles */ = {isa = PBXBuildFile; fileRef = 03E25BB525CE664900B20839 /* Hyperspace.ttf */; };
		03EAD8F7252C1414003E76B2 /* libSDL2_gfx.dylib in Frameworks */ = {isa = PBXBuildFile; fileRef = 03EAD8F6252C1414003E76B2 /* libSDL2_gfx.dylib */; };
		03EAD8FC252DE5A7003E76B2 /* BulletEntity.cpp in Sources */ = {isa = PBXBuildFile; fileRef = 03EAD8FA252DE5A7003E76B2 /* BulletEntity.cpp */; };
		03EAD8FE252EB2DA003E76B2 /* CircleComponent.cpp in Sources */ = {isa = PBXBuildFile; fileRef = 03EAD8FD252EB2D9003E76B2 /* CircleComponent.cpp */; };
		03EE9C6724CC760500302287 /* PhysicsComponent.cpp in Sources */ = {isa = PBXBuildFile; fileRef = 03EE9C6624CC760400302287 /* PhysicsComponent.cpp */; };
		03EE9C6924CC784600302287 /* InputComponent.cpp in Sources */ = {isa = PBXBuildFile; fileRef = 03EE9C6824CC784600302287 /* InputComponent.cpp */; };
		03EFD234237D004B006EF2A5 /* GameWorld.cpp in Sources */ = {isa = PBXBuildFile; fileRef = 03EFD232237D004B006EF2A5 /* GameWorld.cpp */; };
		03F006D624D3056700260594 /* PlayerEntity.cpp in Sources */ = {isa = PBXBuildFile; fileRef = 03F006D424D3056700260594 /* PlayerEntity.cpp */; };
/* End PBXBuildFile section */

/* Begin PBXCopyFilesBuildPhase section */
		039E6C11234E30B0004CCD78 /* CopyFiles */ = {
			isa = PBXCopyFilesBuildPhase;
			buildActionMask = 12;
			dstPath = "";
			dstSubfolderSpec = 16;
			files = (
				03261717251ED10500ABA175 /* Verdana.ttf in CopyFiles */,
				03E25BB625CE6C4F00B20839 /* Hyperspace.ttf in CopyFiles */,
				030B2D9A25256735003F89B5 /* thrust.wav in CopyFiles */,
			);
			runOnlyForDeploymentPostprocessing = 0;
		};
		03EAD8F9252C1414003E76B2 /* Embed Libraries */ = {
			isa = PBXCopyFilesBuildPhase;
			buildActionMask = 2147483647;
			dstPath = "";
			dstSubfolderSpec = 10;
			files = (
			);
			name = "Embed Libraries";
			runOnlyForDeploymentPostprocessing = 0;
		};
/* End PBXCopyFilesBuildPhase section */

/* Begin PBXFileReference section */
		030B2D982525671F003F89B5 /* thrust.wav */ = {isa = PBXFileReference; lastKnownFileType = audio.wav; path = thrust.wav; sourceTree = "<group>"; };
		0317C67F2352500C00D43455 /* Asteroids */ = {isa = PBXFileReference; explicitFileType = "compiled.mach-o.executable"; includeInIndex = 0; path = Asteroids; sourceTree = BUILT_PRODUCTS_DIR; };
		031956AC2572BE2D00FFF34E /* Component.cpp */ = {isa = PBXFileReference; lastKnownFileType = sourcecode.cpp.cpp; path = Component.cpp; sourceTree = "<group>"; };
		03219D452406B5F70050588A /* InputManager.cpp */ = {isa = PBXFileReference; lastKnownFileType = sourcecode.cpp.cpp; path = InputManager.cpp; sourceTree = "<group>"; };
		03219D462406B5F70050588A /* InputManager.hpp */ = {isa = PBXFileReference; lastKnownFileType = sourcecode.cpp.h; path = InputManager.hpp; sourceTree = "<group>"; };
		0325031725999CFB008BF227 /* EventHandler.hpp */ = {isa = PBXFileReference; lastKnownFileType = sourcecode.cpp.h; path = EventHandler.hpp; sourceTree = "<group>"; };
		032503192599A362008BF227 /* EventArgs.hpp */ = {isa = PBXFileReference; lastKnownFileType = sourcecode.cpp.h; path = EventArgs.hpp; sourceTree = "<group>"; };
		0325032E259DA92A008BF227 /* SaucerEntity.cpp */ = {isa = PBXFileReference; fileEncoding = 4; lastKnownFileType = sourcecode.cpp.cpp; path = SaucerEntity.cpp; sourceTree = "<group>"; };
		0325032F259DA92A008BF227 /* SaucerEntity.hpp */ = {isa = PBXFileReference; fileEncoding = 4; lastKnownFileType = sourcecode.cpp.h; path = SaucerEntity.hpp; sourceTree = "<group>"; };
		032589BB245D19240047CF7D /* TextComponent.cpp */ = {isa = PBXFileReference; fileEncoding = 4; lastKnownFileType = sourcecode.cpp.cpp; path = TextComponent.cpp; sourceTree = "<group>"; };
		032589BC245D19240047CF7D /* TextComponent.hpp */ = {isa = PBXFileReference; fileEncoding = 4; lastKnownFileType = sourcecode.cpp.h; path = TextComponent.hpp; sourceTree = "<group>"; };
		032589BF245D1E310047CF7D /* libSDL2_ttf.a */ = {isa = PBXFileReference; lastKnownFileType = archive.ar; name = libSDL2_ttf.a; path = ../../../../../../../../usr/local/Cellar/sdl2_ttf/2.0.15/lib/libSDL2_ttf.a; sourceTree = "<group>"; };
		0326170E251ECD3D00ABA175 /* Verdana.ttf */ = {isa = PBXFileReference; lastKnownFileType = file; path = Verdana.ttf; sourceTree = "<group>"; };
		0326171E251ED61B00ABA175 /* SoundManager.cpp */ = {isa = PBXFileReference; lastKnownFileType = sourcecode.cpp.cpp; path = SoundManager.cpp; sourceTree = "<group>"; };
		0326171F251ED61B00ABA175 /* SoundManager.hpp */ = {isa = PBXFileReference; lastKnownFileType = sourcecode.cpp.h; path = SoundManager.hpp; sourceTree = "<group>"; };
		03261722251EDAED00ABA175 /* libSDL2.a */ = {isa = PBXFileReference; lastKnownFileType = archive.ar; name = libSDL2.a; path = ../../../../usr/local/Cellar/sdl2/2.0.12_1/lib/libSDL2.a; sourceTree = "<group>"; };
		032BB7BF257BD5B800846004 /* GameEntity.cpp */ = {isa = PBXFileReference; lastKnownFileType = sourcecode.cpp.cpp; path = GameEntity.cpp; sourceTree = "<group>"; };
		032BB7C0257BD5B800846004 /* GameEntity.hpp */ = {isa = PBXFileReference; lastKnownFileType = sourcecode.cpp.h; path = GameEntity.hpp; sourceTree = "<group>"; };
		033CD2D224EB72EB00EBA382 /* PlayerInputComponent.cpp */ = {isa = PBXFileReference; lastKnownFileType = sourcecode.cpp.cpp; path = PlayerInputComponent.cpp; sourceTree = "<group>"; };
		033CD2D324EB72EB00EBA382 /* PlayerInputComponent.hpp */ = {isa = PBXFileReference; lastKnownFileType = sourcecode.cpp.h; path = PlayerInputComponent.hpp; sourceTree = "<group>"; };
		034F4C2F24DA54A300975181 /* Manager.cpp */ = {isa = PBXFileReference; fileEncoding = 4; lastKnownFileType = sourcecode.cpp.cpp; path = Manager.cpp; sourceTree = "<group>"; };
		0350F2B123A324FB0038A52E /* PhysicsComponent.hpp */ = {isa = PBXFileReference; lastKnownFileType = sourcecode.cpp.h; path = PhysicsComponent.hpp; sourceTree = "<group>"; };
		0354B9F524D2602A0027E766 /* GameManager.cpp */ = {isa = PBXFileReference; fileEncoding = 4; lastKnownFileType = sourcecode.cpp.cpp; path = GameManager.cpp; sourceTree = "<group>"; };
		0354B9F624D2602A0027E766 /* GameManager.hpp */ = {isa = PBXFileReference; fileEncoding = 4; lastKnownFileType = sourcecode.cpp.h; path = GameManager.hpp; sourceTree = "<group>"; };
		03571954255B1873004D09BB /* AsteroidEntity.cpp */ = {isa = PBXFileReference; lastKnownFileType = sourcecode.cpp.cpp; path = AsteroidEntity.cpp; sourceTree = "<group>"; };
		03571955255B1873004D09BB /* AsteroidEntity.hpp */ = {isa = PBXFileReference; lastKnownFileType = sourcecode.cpp.h; path = AsteroidEntity.hpp; sourceTree = "<group>"; };
		035804F625E0D0D700EC9AF6 /* LivesEntity.cpp */ = {isa = PBXFileReference; fileEncoding = 4; lastKnownFileType = sourcecode.cpp.cpp; path = LivesEntity.cpp; sourceTree = "<group>"; };
		035804F725E0D0D700EC9AF6 /* LivesEntity.hpp */ = {isa = PBXFileReference; fileEncoding = 4; lastKnownFileType = sourcecode.cpp.h; path = LivesEntity.hpp; sourceTree = "<group>"; };
		035DB9DD238B73EF0025B2F7 /* Component.hpp */ = {isa = PBXFileReference; lastKnownFileType = sourcecode.cpp.h; path = Component.hpp; sourceTree = "<group>"; };
		035DB9DF238B75D90025B2F7 /* Entity.cpp */ = {isa = PBXFileReference; lastKnownFileType = sourcecode.cpp.cpp; path = Entity.cpp; sourceTree = "<group>"; };
		035DB9E2238B76AA0025B2F7 /* TransformComponent.hpp */ = {isa = PBXFileReference; fileEncoding = 4; lastKnownFileType = sourcecode.cpp.h; path = TransformComponent.hpp; sourceTree = "<group>"; };
		0364021B246A3B11008684B8 /* SoundComponent.cpp */ = {isa = PBXFileReference; fileEncoding = 4; lastKnownFileType = sourcecode.cpp.cpp; path = SoundComponent.cpp; sourceTree = "<group>"; };
		0364021C246A3B11008684B8 /* SoundComponent.hpp */ = {isa = PBXFileReference; fileEncoding = 4; lastKnownFileType = sourcecode.cpp.h; path = SoundComponent.hpp; sourceTree = "<group>"; };
		0364021E246A3BE7008684B8 /* libSDL2_mixer.a */ = {isa = PBXFileReference; lastKnownFileType = archive.ar; name = libSDL2_mixer.a; path = ../../../../../../../../usr/local/Cellar/sdl2_mixer/2.0.4/lib/libSDL2_mixer.a; sourceTree = "<group>"; };
		037280BD234F9A0D008472B1 /* README.md */ = {isa = PBXFileReference; fileEncoding = 4; lastKnownFileType = net.daringfireball.markdown; path = README.md; sourceTree = "<group>"; };
		037ACE68258DC7570031C069 /* ManagerInformation.hpp */ = {isa = PBXFileReference; lastKnownFileType = sourcecode.cpp.h; path = ManagerInformation.hpp; sourceTree = "<group>"; };
		037FBA1424E3182600F984F1 /* ShapeComponent.cpp */ = {isa = PBXFileReference; lastKnownFileType = sourcecode.cpp.cpp; path = ShapeComponent.cpp; sourceTree = "<group>"; };
		037FBA1524E3182600F984F1 /* ShapeComponent.hpp */ = {isa = PBXFileReference; lastKnownFileType = sourcecode.cpp.h; path = ShapeComponent.hpp; sourceTree = "<group>"; };
		03830797243597E100F39FC0 /* .gitignore */ = {isa = PBXFileReference; fileEncoding = 4; lastKnownFileType = text; path = .gitignore; sourceTree = "<group>"; };
		0387FD8624A59CE70019BE47 /* MenuControlEntity.hpp */ = {isa = PBXFileReference; lastKnownFileType = sourcecode.cpp.h; path = MenuControlEntity.hpp; sourceTree = "<group>"; };
		0387FD8924A78D220019BE47 /* MenuEntity.cpp */ = {isa = PBXFileReference; lastKnownFileType = sourcecode.cpp.cpp; path = MenuEntity.cpp; sourceTree = "<group>"; };
		0387FD8A24A78D220019BE47 /* MenuEntity.hpp */ = {isa = PBXFileReference; lastKnownFileType = sourcecode.cpp.h; path = MenuEntity.hpp; sourceTree = "<group>"; };
		0387FD8F24A94C530019BE47 /* UIManager.cpp */ = {isa = PBXFileReference; lastKnownFileType = sourcecode.cpp.cpp; path = UIManager.cpp; sourceTree = "<group>"; };
		0387FD9024A94C530019BE47 /* UIManager.hpp */ = {isa = PBXFileReference; lastKnownFileType = sourcecode.cpp.h; path = UIManager.hpp; sourceTree = "<group>"; };
		0387FD9324A96AC60019BE47 /* Manager.hpp */ = {isa = PBXFileReference; lastKnownFileType = sourcecode.cpp.h; path = Manager.hpp; sourceTree = "<group>"; };
		0395405924A9B98D00DE8FC3 /* ManagerHelper.cpp */ = {isa = PBXFileReference; lastKnownFileType = sourcecode.cpp.cpp; path = ManagerHelper.cpp; sourceTree = "<group>"; };
		0395405A24A9B98D00DE8FC3 /* ManagerHelper.hpp */ = {isa = PBXFileReference; lastKnownFileType = sourcecode.cpp.h; path = ManagerHelper.hpp; sourceTree = "<group>"; };
		039E6C16234E30B0004CCD78 /* main.cpp */ = {isa = PBXFileReference; lastKnownFileType = sourcecode.cpp.cpp; path = main.cpp; sourceTree = "<group>"; };
		03B6C8A124C8CD6C0067D03C /* MenuControlEntity.cpp */ = {isa = PBXFileReference; fileEncoding = 4; lastKnownFileType = sourcecode.cpp.cpp; path = MenuControlEntity.cpp; sourceTree = "<group>"; };
		03B6F363256DA68000A80AF1 /* WindowManager.cpp */ = {isa = PBXFileReference; fileEncoding = 4; lastKnownFileType = sourcecode.cpp.cpp; path = WindowManager.cpp; sourceTree = "<group>"; };
		03B6F364256DA68000A80AF1 /* WindowManager.hpp */ = {isa = PBXFileReference; fileEncoding = 4; lastKnownFileType = sourcecode.cpp.h; path = WindowManager.hpp; sourceTree = "<group>"; };
		03D47C5E2381B00A0004A67B /* InputComponent.hpp */ = {isa = PBXFileReference; lastKnownFileType = sourcecode.cpp.h; path = InputComponent.hpp; sourceTree = "<group>"; };
		03D597B424C5FA3A001CE9CC /* TextMenuControlEntity.cpp */ = {isa = PBXFileReference; fileEncoding = 4; lastKnownFileType = sourcecode.cpp.cpp; path = TextMenuControlEntity.cpp; sourceTree = "<group>"; };
		03D597B524C5FA3A001CE9CC /* TextMenuControlEntity.hpp */ = {isa = PBXFileReference; fileEncoding = 4; lastKnownFileType = sourcecode.cpp.h; path = TextMenuControlEntity.hpp; sourceTree = "<group>"; };
		03E25BB125CE642900B20839 /* ScoreEntity.cpp */ = {isa = PBXFileReference; lastKnownFileType = sourcecode.cpp.cpp; path = ScoreEntity.cpp; sourceTree = "<group>"; };
		03E25BB225CE642900B20839 /* ScoreEntity.hpp */ = {isa = PBXFileReference; lastKnownFileType = sourcecode.cpp.h; path = ScoreEntity.hpp; sourceTree = "<group>"; };
		03E25BB525CE664900B20839 /* Hyperspace.ttf */ = {isa = PBXFileReference; lastKnownFileType = file; path = Hyperspace.ttf; sourceTree = "<group>"; };
		03EAD8F6252C1414003E76B2 /* libSDL2_gfx.dylib */ = {isa = PBXFileReference; lastKnownFileType = "compiled.mach-o.dylib"; name = libSDL2_gfx.dylib; path = ../../../../usr/local/Cellar/sdl2_gfx/1.0.4/lib/libSDL2_gfx.dylib; sourceTree = "<group>"; };
		03EAD8FA252DE5A7003E76B2 /* BulletEntity.cpp */ = {isa = PBXFileReference; lastKnownFileType = sourcecode.cpp.cpp; path = BulletEntity.cpp; sourceTree = "<group>"; };
		03EAD8FB252DE5A7003E76B2 /* BulletEntity.hpp */ = {isa = PBXFileReference; lastKnownFileType = sourcecode.cpp.h; path = BulletEntity.hpp; sourceTree = "<group>"; };
		03EAD8FD252EB2D9003E76B2 /* CircleComponent.cpp */ = {isa = PBXFileReference; fileEncoding = 4; lastKnownFileType = sourcecode.cpp.cpp; path = CircleComponent.cpp; sourceTree = "<group>"; };
		03EAD8FF252EB2E8003E76B2 /* CircleComponent.hpp */ = {isa = PBXFileReference; fileEncoding = 4; lastKnownFileType = sourcecode.cpp.h; path = CircleComponent.hpp; sourceTree = "<group>"; };
		03EE9C6624CC760400302287 /* PhysicsComponent.cpp */ = {isa = PBXFileReference; fileEncoding = 4; lastKnownFileType = sourcecode.cpp.cpp; path = PhysicsComponent.cpp; sourceTree = "<group>"; };
		03EE9C6824CC784600302287 /* InputComponent.cpp */ = {isa = PBXFileReference; fileEncoding = 4; lastKnownFileType = sourcecode.cpp.cpp; path = InputComponent.cpp; sourceTree = "<group>"; };
		03EFD232237D004B006EF2A5 /* GameWorld.cpp */ = {isa = PBXFileReference; lastKnownFileType = sourcecode.cpp.cpp; path = GameWorld.cpp; sourceTree = "<group>"; };
		03EFD233237D004B006EF2A5 /* GameWorld.hpp */ = {isa = PBXFileReference; lastKnownFileType = sourcecode.cpp.h; path = GameWorld.hpp; sourceTree = "<group>"; };
		03EFD237237E48D9006EF2A5 /* Entity.hpp */ = {isa = PBXFileReference; lastKnownFileType = sourcecode.cpp.h; path = Entity.hpp; sourceTree = "<group>"; };
		03F006D424D3056700260594 /* PlayerEntity.cpp */ = {isa = PBXFileReference; lastKnownFileType = sourcecode.cpp.cpp; path = PlayerEntity.cpp; sourceTree = "<group>"; };
		03F006D524D3056700260594 /* PlayerEntity.hpp */ = {isa = PBXFileReference; lastKnownFileType = sourcecode.cpp.h; path = PlayerEntity.hpp; sourceTree = "<group>"; };
/* End PBXFileReference section */

/* Begin PBXFrameworksBuildPhase section */
		039E6C10234E30B0004CCD78 /* Frameworks */ = {
			isa = PBXFrameworksBuildPhase;
			buildActionMask = 2147483647;
			files = (
				03261723251EDAED00ABA175 /* libSDL2.a in Frameworks */,
				0364021F246A3C13008684B8 /* libSDL2_mixer.a in Frameworks */,
				032589C0245D1E310047CF7D /* libSDL2_ttf.a in Frameworks */,
				03EAD8F7252C1414003E76B2 /* libSDL2_gfx.dylib in Frameworks */,
			);
			runOnlyForDeploymentPostprocessing = 0;
		};
/* End PBXFrameworksBuildPhase section */

/* Begin PBXGroup section */
		031E7776246A348A0088854F /* Engine */ = {
			isa = PBXGroup;
			children = (
				0325031425999CE0008BF227 /* System */,
				031E7777246A34A20088854F /* Components */,
				031E7778246A34AA0088854F /* Entities */,
				03219D442406B07A0050588A /* Managers */,
			);
			path = Engine;
			sourceTree = "<group>";
		};
		031E7777246A34A20088854F /* Components */ = {
			isa = PBXGroup;
			children = (
				03EAD8FD252EB2D9003E76B2 /* CircleComponent.cpp */,
				03EAD8FF252EB2E8003E76B2 /* CircleComponent.hpp */,
				031956AC2572BE2D00FFF34E /* Component.cpp */,
				035DB9DD238B73EF0025B2F7 /* Component.hpp */,
				03EE9C6824CC784600302287 /* InputComponent.cpp */,
				03D47C5E2381B00A0004A67B /* InputComponent.hpp */,
				03EE9C6624CC760400302287 /* PhysicsComponent.cpp */,
				0350F2B123A324FB0038A52E /* PhysicsComponent.hpp */,
				037FBA1424E3182600F984F1 /* ShapeComponent.cpp */,
				037FBA1524E3182600F984F1 /* ShapeComponent.hpp */,
				0364021B246A3B11008684B8 /* SoundComponent.cpp */,
				0364021C246A3B11008684B8 /* SoundComponent.hpp */,
				032589BB245D19240047CF7D /* TextComponent.cpp */,
				032589BC245D19240047CF7D /* TextComponent.hpp */,
				035DB9E2238B76AA0025B2F7 /* TransformComponent.hpp */,
			);
			path = Components;
			sourceTree = "<group>";
		};
		031E7778246A34AA0088854F /* Entities */ = {
			isa = PBXGroup;
			children = (
				032BB7BF257BD5B800846004 /* GameEntity.cpp */,
				032BB7C0257BD5B800846004 /* GameEntity.hpp */,
				035DB9DF238B75D90025B2F7 /* Entity.cpp */,
				03EFD237237E48D9006EF2A5 /* Entity.hpp */,
				03B6C8A124C8CD6C0067D03C /* MenuControlEntity.cpp */,
				0387FD8624A59CE70019BE47 /* MenuControlEntity.hpp */,
				03D597B424C5FA3A001CE9CC /* TextMenuControlEntity.cpp */,
				03D597B524C5FA3A001CE9CC /* TextMenuControlEntity.hpp */,
			);
			path = Entities;
			sourceTree = "<group>";
		};
		03219D442406B07A0050588A /* Managers */ = {
			isa = PBXGroup;
			children = (
				0395405924A9B98D00DE8FC3 /* ManagerHelper.cpp */,
				0395405A24A9B98D00DE8FC3 /* ManagerHelper.hpp */,
				0354B9F524D2602A0027E766 /* GameManager.cpp */,
				0354B9F624D2602A0027E766 /* GameManager.hpp */,
				03219D452406B5F70050588A /* InputManager.cpp */,
				03219D462406B5F70050588A /* InputManager.hpp */,
				034F4C2F24DA54A300975181 /* Manager.cpp */,
				0387FD9324A96AC60019BE47 /* Manager.hpp */,
				037ACE68258DC7570031C069 /* ManagerInformation.hpp */,
				0326171E251ED61B00ABA175 /* SoundManager.cpp */,
				0326171F251ED61B00ABA175 /* SoundManager.hpp */,
				0387FD8F24A94C530019BE47 /* UIManager.cpp */,
				0387FD9024A94C530019BE47 /* UIManager.hpp */,
				03B6F363256DA68000A80AF1 /* WindowManager.cpp */,
				03B6F364256DA68000A80AF1 /* WindowManager.hpp */,
			);
			path = Managers;
			sourceTree = "<group>";
		};
		032220182380FE60004B0BD1 /* Game */ = {
			isa = PBXGroup;
			children = (
				03EFD23C237E49CA006EF2A5 /* Components */,
				03EFD235237E48BA006EF2A5 /* Entities */,
				03EFD232237D004B006EF2A5 /* GameWorld.cpp */,
				03EFD233237D004B006EF2A5 /* GameWorld.hpp */,
				039E6C16234E30B0004CCD78 /* main.cpp */,
			);
			path = Game;
			sourceTree = "<group>";
		};
		0325031425999CE0008BF227 /* System */ = {
			isa = PBXGroup;
			children = (
				032503192599A362008BF227 /* EventArgs.hpp */,
				0325031725999CFB008BF227 /* EventHandler.hpp */,
			);
			path = System;
			sourceTree = "<group>";
		};
		0326170A251ECA7800ABA175 /* Sounds */ = {
			isa = PBXGroup;
			children = (
				030B2D982525671F003F89B5 /* thrust.wav */,
			);
			path = Sounds;
			sourceTree = "<group>";
		};
		0326170D251ECD1F00ABA175 /* Fonts */ = {
			isa = PBXGroup;
			children = (
				03E25BB525CE664900B20839 /* Hyperspace.ttf */,
				0326170E251ECD3D00ABA175 /* Verdana.ttf */,
			);
			path = Fonts;
			sourceTree = "<group>";
		};
		03784F76245D35DF00C16FD8 /* Resources */ = {
			isa = PBXGroup;
			children = (
				0326170D251ECD1F00ABA175 /* Fonts */,
				0326170A251ECA7800ABA175 /* Sounds */,
			);
			path = Resources;
			sourceTree = "<group>";
		};
		0389AD7E2396F4CA005EEC22 /* Frameworks */ = {
			isa = PBXGroup;
			children = (
				03EAD8F6252C1414003E76B2 /* libSDL2_gfx.dylib */,
				03261722251EDAED00ABA175 /* libSDL2.a */,
				0364021E246A3BE7008684B8 /* libSDL2_mixer.a */,
				032589BF245D1E310047CF7D /* libSDL2_ttf.a */,
			);
			name = Frameworks;
			sourceTree = "<group>";
		};
		039E6C0A234E30B0004CCD78 = {
			isa = PBXGroup;
			children = (
				03830797243597E100F39FC0 /* .gitignore */,
				0317C67F2352500C00D43455 /* Asteroids */,
				037280BD234F9A0D008472B1 /* README.md */,
				039E6C15234E30B0004CCD78 /* Asteroids */,
				0389AD7E2396F4CA005EEC22 /* Frameworks */,
				03784F76245D35DF00C16FD8 /* Resources */,
			);
			sourceTree = "<group>";
		};
		039E6C15234E30B0004CCD78 /* Asteroids */ = {
			isa = PBXGroup;
			children = (
				031E7776246A348A0088854F /* Engine */,
				032220182380FE60004B0BD1 /* Game */,
			);
			path = Asteroids;
			sourceTree = "<group>";
		};
		03EFD235237E48BA006EF2A5 /* Entities */ = {
			isa = PBXGroup;
			children = (
				035804F625E0D0D700EC9AF6 /* LivesEntity.cpp */,
				035804F725E0D0D700EC9AF6 /* LivesEntity.hpp */,
				03571954255B1873004D09BB /* AsteroidEntity.cpp */,
				03571955255B1873004D09BB /* AsteroidEntity.hpp */,
				03EAD8FA252DE5A7003E76B2 /* BulletEntity.cpp */,
				03EAD8FB252DE5A7003E76B2 /* BulletEntity.hpp */,
				0387FD8924A78D220019BE47 /* MenuEntity.cpp */,
				0387FD8A24A78D220019BE47 /* MenuEntity.hpp */,
				03F006D424D3056700260594 /* PlayerEntity.cpp */,
				03F006D524D3056700260594 /* PlayerEntity.hpp */,
				0325032E259DA92A008BF227 /* SaucerEntity.cpp */,
				0325032F259DA92A008BF227 /* SaucerEntity.hpp */,
				03E25BB125CE642900B20839 /* ScoreEntity.cpp */,
				03E25BB225CE642900B20839 /* ScoreEntity.hpp */,
			);
			path = Entities;
			sourceTree = "<group>";
		};
		03EFD23C237E49CA006EF2A5 /* Components */ = {
			isa = PBXGroup;
			children = (
				033CD2D224EB72EB00EBA382 /* PlayerInputComponent.cpp */,
				033CD2D324EB72EB00EBA382 /* PlayerInputComponent.hpp */,
			);
			path = Components;
			sourceTree = "<group>";
		};
/* End PBXGroup section */

/* Begin PBXNativeTarget section */
		039E6C12234E30B0004CCD78 /* Asteroids */ = {
			isa = PBXNativeTarget;
			buildConfigurationList = 039E6C1A234E30B0004CCD78 /* Build configuration list for PBXNativeTarget "Asteroids" */;
			buildPhases = (
				039E6C0F234E30B0004CCD78 /* Sources */,
				039E6C10234E30B0004CCD78 /* Frameworks */,
				03C581D1239DC4190005BFBC /* Run Script */,
				039E6C11234E30B0004CCD78 /* CopyFiles */,
				03EAD8F9252C1414003E76B2 /* Embed Libraries */,
			);
			buildRules = (
			);
			dependencies = (
			);
			name = Asteroids;
			productName = Asteroids;
			productReference = 0317C67F2352500C00D43455 /* Asteroids */;
			productType = "com.apple.product-type.tool";
		};
/* End PBXNativeTarget section */

/* Begin PBXProject section */
		039E6C0B234E30B0004CCD78 /* Project object */ = {
			isa = PBXProject;
			attributes = {
				LastUpgradeCheck = 1200;
				ORGANIZATIONNAME = "Daniel Ricci";
				TargetAttributes = {
					039E6C12234E30B0004CCD78 = {
						CreatedOnToolsVersion = 11.1;
					};
				};
			};
			buildConfigurationList = 039E6C0E234E30B0004CCD78 /* Build configuration list for PBXProject "Asteroids" */;
			compatibilityVersion = "Xcode 9.3";
			developmentRegion = en;
			hasScannedForEncodings = 0;
			knownRegions = (
				en,
				Base,
			);
			mainGroup = 039E6C0A234E30B0004CCD78;
			productRefGroup = 039E6C0A234E30B0004CCD78;
			projectDirPath = "";
			projectRoot = "";
			targets = (
				039E6C12234E30B0004CCD78 /* Asteroids */,
			);
		};
/* End PBXProject section */

/* Begin PBXShellScriptBuildPhase section */
		03C581D1239DC4190005BFBC /* Run Script */ = {
			isa = PBXShellScriptBuildPhase;
			buildActionMask = 2147483647;
			files = (
			);
			inputFileListPaths = (
			);
			inputPaths = (
			);
			name = "Run Script";
			outputFileListPaths = (
			);
			outputPaths = (
			);
			runOnlyForDeploymentPostprocessing = 0;
			shellPath = /bin/sh;
			shellScript = "# Type a script or drag a script file from your workspace to insert its path.\n";
		};
/* End PBXShellScriptBuildPhase section */

/* Begin PBXSourcesBuildPhase section */
		039E6C0F234E30B0004CCD78 /* Sources */ = {
			isa = PBXSourcesBuildPhase;
			buildActionMask = 2147483647;
			files = (
				03EE9C6724CC760500302287 /* PhysicsComponent.cpp in Sources */,
				0354B9F724D2602A0027E766 /* GameManager.cpp in Sources */,
				03EAD8FC252DE5A7003E76B2 /* BulletEntity.cpp in Sources */,
				03571956255B1873004D09BB /* AsteroidEntity.cpp in Sources */,
				0364021D246A3B11008684B8 /* SoundComponent.cpp in Sources */,
				03D597B624C5FA3A001CE9CC /* TextMenuControlEntity.cpp in Sources */,
				0395405B24A9B98D00DE8FC3 /* ManagerHelper.cpp in Sources */,
				031956AD2572BE2D00FFF34E /* Component.cpp in Sources */,
				0325031A2599A363008BF227 /* EventArgs.hpp in Sources */,
				03250330259DA92A008BF227 /* SaucerEntity.cpp in Sources */,
				034F4C3024DA54A300975181 /* Manager.cpp in Sources */,
				0350F2B223A324FB0038A52E /* PhysicsComponent.hpp in Sources */,
				03EAD8FE252EB2DA003E76B2 /* CircleComponent.cpp in Sources */,
				03261720251ED61B00ABA175 /* SoundManager.cpp in Sources */,
				03B6C8A224C8CD6C0067D03C /* MenuControlEntity.cpp in Sources */,
				03E25BB325CE642900B20839 /* ScoreEntity.cpp in Sources */,
				037FBA1624E3182600F984F1 /* ShapeComponent.cpp in Sources */,
				032589BE245D19240047CF7D /* TextComponent.cpp in Sources */,
				0387FD8B24A78D220019BE47 /* MenuEntity.cpp in Sources */,
				032BB7C1257BD5B800846004 /* GameEntity.cpp in Sources */,
				03219D472406B5F70050588A /* InputManager.cpp in Sources */,
				033CD2D424EB72EB00EBA382 /* PlayerInputComponent.cpp in Sources */,
				0387FD9124A94C530019BE47 /* UIManager.cpp in Sources */,
				035DB9E0238B75D90025B2F7 /* Entity.cpp in Sources */,
				03F006D624D3056700260594 /* PlayerEntity.cpp in Sources */,
				03EFD234237D004B006EF2A5 /* GameWorld.cpp in Sources */,
				039E6C17234E30B0004CCD78 /* main.cpp in Sources */,
				03EE9C6924CC784600302287 /* InputComponent.cpp in Sources */,
				035804F825E0D0D700EC9AF6 /* LivesEntity.cpp in Sources */,
				03B6F365256DA68000A80AF1 /* WindowManager.cpp in Sources */,
			);
			runOnlyForDeploymentPostprocessing = 0;
		};
/* End PBXSourcesBuildPhase section */

/* Begin XCBuildConfiguration section */
		039E6C18234E30B0004CCD78 /* Debug */ = {
			isa = XCBuildConfiguration;
			buildSettings = {
				ALWAYS_SEARCH_USER_PATHS = NO;
				CLANG_ANALYZER_NONNULL = YES;
				CLANG_ANALYZER_NUMBER_OBJECT_CONVERSION = YES_AGGRESSIVE;
				CLANG_CXX_LANGUAGE_STANDARD = "gnu++14";
				CLANG_CXX_LIBRARY = "libc++";
				CLANG_ENABLE_MODULES = YES;
				CLANG_ENABLE_OBJC_ARC = YES;
				CLANG_ENABLE_OBJC_WEAK = YES;
				CLANG_WARN_BLOCK_CAPTURE_AUTORELEASING = YES;
				CLANG_WARN_BOOL_CONVERSION = YES;
				CLANG_WARN_COMMA = YES;
				CLANG_WARN_CONSTANT_CONVERSION = YES;
				CLANG_WARN_DEPRECATED_OBJC_IMPLEMENTATIONS = YES;
				CLANG_WARN_DIRECT_OBJC_ISA_USAGE = YES_ERROR;
				CLANG_WARN_DOCUMENTATION_COMMENTS = YES;
				CLANG_WARN_EMPTY_BODY = YES;
				CLANG_WARN_ENUM_CONVERSION = YES;
				CLANG_WARN_INFINITE_RECURSION = YES;
				CLANG_WARN_INT_CONVERSION = YES;
				CLANG_WARN_NON_LITERAL_NULL_CONVERSION = YES;
				CLANG_WARN_OBJC_IMPLICIT_RETAIN_SELF = YES;
				CLANG_WARN_OBJC_LITERAL_CONVERSION = YES;
				CLANG_WARN_OBJC_ROOT_CLASS = YES_ERROR;
				CLANG_WARN_QUOTED_INCLUDE_IN_FRAMEWORK_HEADER = YES;
				CLANG_WARN_RANGE_LOOP_ANALYSIS = YES;
				CLANG_WARN_STRICT_PROTOTYPES = YES;
				CLANG_WARN_SUSPICIOUS_MOVE = YES;
				CLANG_WARN_UNGUARDED_AVAILABILITY = YES_AGGRESSIVE;
				CLANG_WARN_UNREACHABLE_CODE = YES;
				CLANG_WARN__DUPLICATE_METHOD_MATCH = YES;
				COPY_PHASE_STRIP = NO;
				DEBUG_INFORMATION_FORMAT = dwarf;
				ENABLE_STRICT_OBJC_MSGSEND = YES;
				ENABLE_TESTABILITY = YES;
				GCC_C_LANGUAGE_STANDARD = gnu11;
				GCC_DYNAMIC_NO_PIC = NO;
				GCC_NO_COMMON_BLOCKS = YES;
				GCC_OPTIMIZATION_LEVEL = 0;
				GCC_PREPROCESSOR_DEFINITIONS = (
					"DEBUG=1",
					"$(inherited)",
				);
				GCC_WARN_64_TO_32_BIT_CONVERSION = YES;
				GCC_WARN_ABOUT_RETURN_TYPE = YES_ERROR;
				GCC_WARN_UNDECLARED_SELECTOR = YES;
				GCC_WARN_UNINITIALIZED_AUTOS = YES_AGGRESSIVE;
				GCC_WARN_UNUSED_FUNCTION = YES;
				GCC_WARN_UNUSED_VARIABLE = YES;
				MACOSX_DEPLOYMENT_TARGET = 10.15;
				MTL_ENABLE_DEBUG_INFO = INCLUDE_SOURCE;
				MTL_FAST_MATH = YES;
				ONLY_ACTIVE_ARCH = YES;
				PRODUCT_NAME = Asteroids;
				SDKROOT = macosx;
			};
			name = Debug;
		};
		039E6C19234E30B0004CCD78 /* Release */ = {
			isa = XCBuildConfiguration;
			buildSettings = {
				ALWAYS_SEARCH_USER_PATHS = NO;
				CLANG_ANALYZER_NONNULL = YES;
				CLANG_ANALYZER_NUMBER_OBJECT_CONVERSION = YES_AGGRESSIVE;
				CLANG_CXX_LANGUAGE_STANDARD = "gnu++14";
				CLANG_CXX_LIBRARY = "libc++";
				CLANG_ENABLE_MODULES = YES;
				CLANG_ENABLE_OBJC_ARC = YES;
				CLANG_ENABLE_OBJC_WEAK = YES;
				CLANG_WARN_BLOCK_CAPTURE_AUTORELEASING = YES;
				CLANG_WARN_BOOL_CONVERSION = YES;
				CLANG_WARN_COMMA = YES;
				CLANG_WARN_CONSTANT_CONVERSION = YES;
				CLANG_WARN_DEPRECATED_OBJC_IMPLEMENTATIONS = YES;
				CLANG_WARN_DIRECT_OBJC_ISA_USAGE = YES_ERROR;
				CLANG_WARN_DOCUMENTATION_COMMENTS = YES;
				CLANG_WARN_EMPTY_BODY = YES;
				CLANG_WARN_ENUM_CONVERSION = YES;
				CLANG_WARN_INFINITE_RECURSION = YES;
				CLANG_WARN_INT_CONVERSION = YES;
				CLANG_WARN_NON_LITERAL_NULL_CONVERSION = YES;
				CLANG_WARN_OBJC_IMPLICIT_RETAIN_SELF = YES;
				CLANG_WARN_OBJC_LITERAL_CONVERSION = YES;
				CLANG_WARN_OBJC_ROOT_CLASS = YES_ERROR;
				CLANG_WARN_QUOTED_INCLUDE_IN_FRAMEWORK_HEADER = YES;
				CLANG_WARN_RANGE_LOOP_ANALYSIS = YES;
				CLANG_WARN_STRICT_PROTOTYPES = YES;
				CLANG_WARN_SUSPICIOUS_MOVE = YES;
				CLANG_WARN_UNGUARDED_AVAILABILITY = YES_AGGRESSIVE;
				CLANG_WARN_UNREACHABLE_CODE = YES;
				CLANG_WARN__DUPLICATE_METHOD_MATCH = YES;
				COPY_PHASE_STRIP = NO;
				DEBUG_INFORMATION_FORMAT = "dwarf-with-dsym";
				ENABLE_NS_ASSERTIONS = NO;
				ENABLE_STRICT_OBJC_MSGSEND = YES;
				GCC_C_LANGUAGE_STANDARD = gnu11;
				GCC_NO_COMMON_BLOCKS = YES;
				GCC_WARN_64_TO_32_BIT_CONVERSION = YES;
				GCC_WARN_ABOUT_RETURN_TYPE = YES_ERROR;
				GCC_WARN_UNDECLARED_SELECTOR = YES;
				GCC_WARN_UNINITIALIZED_AUTOS = YES_AGGRESSIVE;
				GCC_WARN_UNUSED_FUNCTION = YES;
				GCC_WARN_UNUSED_VARIABLE = YES;
				MACOSX_DEPLOYMENT_TARGET = 10.15;
				MTL_ENABLE_DEBUG_INFO = NO;
				MTL_FAST_MATH = YES;
				PRODUCT_NAME = Asteroids;
				SDKROOT = macosx;
			};
			name = Release;
		};
		039E6C1B234E30B0004CCD78 /* Debug */ = {
			isa = XCBuildConfiguration;
			buildSettings = {
				CLANG_CXX_LANGUAGE_STANDARD = "c++17";
				CLANG_WARN_DOCUMENTATION_COMMENTS = NO;
				CODE_SIGN_IDENTITY = "-";
				CODE_SIGN_STYLE = Automatic;
				DEVELOPMENT_TEAM = 99XD8PYX9Y;
				ENABLE_HARDENED_RUNTIME = NO;
				FRAMEWORK_SEARCH_PATHS = (
					"$(PROJECT_DIR)/$(PROJECT_NAME)",
					/usr/local/Cellar/sdl2_gfx/1.0.4/lib,
				);
				GCC_C_LANGUAGE_STANDARD = c11;
				GCC_WARN_ABOUT_DEPRECATED_FUNCTIONS = NO;
				HEADER_SEARCH_PATHS = (
					"/usr/local/include/eigen3/**",
					"/usr/local/include/SDL2/**",
				);
				LIBRARY_SEARCH_PATHS = (
					"/usr/local/lib/**",
					/usr/local/Cellar/sdl2/2.0.12_1/lib,
					/usr/local/Cellar/sdl2_ttf/2.0.15/lib,
					/usr/local/Cellar/sdl2_mixer/2.0.4/lib,
					/usr/local/Cellar/sdl2_gfx/1.0.4/lib,
				);
				PRODUCT_BUNDLE_IDENTIFIER = com.danielricci.asteroids;
				PRODUCT_NAME = "$(TARGET_NAME)";
				PROVISIONING_PROFILE_SPECIFIER = "";
				USER_HEADER_SEARCH_PATHS = "$(PROJECT_DIR)/Asteroids/**";
				USE_HEADERMAP = NO;
			};
			name = Debug;
		};
		039E6C1C234E30B0004CCD78 /* Release */ = {
			isa = XCBuildConfiguration;
			buildSettings = {
				CLANG_CXX_LANGUAGE_STANDARD = "c++17";
				CLANG_WARN_DOCUMENTATION_COMMENTS = NO;
				CODE_SIGN_IDENTITY = "-";
				CODE_SIGN_STYLE = Automatic;
				DEVELOPMENT_TEAM = 99XD8PYX9Y;
				ENABLE_HARDENED_RUNTIME = NO;
				FRAMEWORK_SEARCH_PATHS = (
					"$(PROJECT_DIR)/$(PROJECT_NAME)",
					/usr/local/Cellar/sdl2_gfx/1.0.4/lib,
				);
				GCC_C_LANGUAGE_STANDARD = c11;
				GCC_WARN_ABOUT_DEPRECATED_FUNCTIONS = NO;
				HEADER_SEARCH_PATHS = (
					"/usr/local/include/eigen3/**",
					"/usr/local/include/SDL2/**",
				);
				LIBRARY_SEARCH_PATHS = (
					"/usr/local/lib/**",
					/usr/local/Cellar/sdl2/2.0.12_1/lib,
					/usr/local/Cellar/sdl2_ttf/2.0.15/lib,
					/usr/local/Cellar/sdl2_mixer/2.0.4/lib,
					/usr/local/Cellar/sdl2_gfx/1.0.4/lib,
				);
				PRODUCT_BUNDLE_IDENTIFIER = com.danielricci.asteroids;
				PRODUCT_NAME = "$(TARGET_NAME)";
				PROVISIONING_PROFILE_SPECIFIER = "";
				USER_HEADER_SEARCH_PATHS = "$(PROJECT_DIR)/Asteroids/**";
				USE_HEADERMAP = NO;
			};
			name = Release;
		};
/* End XCBuildConfiguration section */

/* Begin XCConfigurationList section */
		039E6C0E234E30B0004CCD78 /* Build configuration list for PBXProject "Asteroids" */ = {
			isa = XCConfigurationList;
			buildConfigurations = (
				039E6C18234E30B0004CCD78 /* Debug */,
				039E6C19234E30B0004CCD78 /* Release */,
			);
			defaultConfigurationIsVisible = 0;
			defaultConfigurationName = Release;
		};
		039E6C1A234E30B0004CCD78 /* Build configuration list for PBXNativeTarget "Asteroids" */ = {
			isa = XCConfigurationList;
			buildConfigurations = (
				039E6C1B234E30B0004CCD78 /* Debug */,
				039E6C1C234E30B0004CCD78 /* Release */,
			);
			defaultConfigurationIsVisible = 0;
			defaultConfigurationName = Release;
		};
/* End XCConfigurationList section */
	};
	rootObject = 039E6C0B234E30B0004CCD78 /* Project object */;
}
